
Microsoft Visual Studio Solution File, Format Version 12.00
# Visual Studio Version 16
VisualStudioVersion = 16.0.31129.286
MinimumVisualStudioVersion = 10.0.40219.1
Project("{FAE04EC0-301F-11D3-BF4B-00C04F79EFBC}") = "Home work class2.2", "Home work class2.2\Home work class2.2.csproj", "{1F14185D-389B-4569-8004-2496E9BAC1B0}"
EndProject
Global
	GlobalSection(SolutionConfigurationPlatforms) = preSolution
		Debug|Any CPU = Debug|Any CPU
		Release|Any CPU = Release|Any CPU
	EndGlobalSection
	GlobalSection(ProjectConfigurationPlatforms) = postSolution
		{1F14185D-389B-4569-8004-2496E9BAC1B0}.Debug|Any CPU.ActiveCfg = Debug|Any CPU
		{1F14185D-389B-4569-8004-2496E9BAC1B0}.Debug|Any CPU.Build.0 = Debug|Any CPU
		{1F14185D-389B-4569-8004-2496E9BAC1B0}.Release|Any CPU.ActiveCfg = Release|Any CPU
		{1F14185D-389B-4569-8004-2496E9BAC1B0}.Release|Any CPU.Build.0 = Release|Any CPU
	EndGlobalSection
	GlobalSection(SolutionProperties) = preSolution
		HideSolutionNode = FALSE
	EndGlobalSection
	GlobalSection(ExtensibilityGlobals) = postSolution
		SolutionGuid = {B461C4BC-D504-450D-A41E-FE98069CD708}
	EndGlobalSection
EndGlobal
